
Microsoft Visual Studio Solution File, Format Version 12.00
# Visual Studio 2013
VisualStudioVersion = 12.0.31101.0
MinimumVisualStudioVersion = 10.0.40219.1
Project("{2150E333-8FDC-42A3-9474-1A3956D46DE8}") = "Library", "Library", "{4DABD333-E70F-4B79-A428-86C74345AB14}"
EndProject
Project("{2150E333-8FDC-42A3-9474-1A3956D46DE8}") = "Client", "Client", "{3759A986-FE7F-4705-B4EC-0C8251DA14E1}"
EndProject
Project("{FAE04EC0-301F-11D3-BF4B-00C04F79EFBC}") = "geoInput", "sys3\geoInput.csproj", "{59209FCC-CFF7-4056-A256-CB71293225B1}"
EndProject
Project("{FAE04EC0-301F-11D3-BF4B-00C04F79EFBC}") = "ggm", "sys4\ggm.csproj", "{FDABDFA6-E751-452C-9658-5963162784B0}"
EndProject
Project("{FAE04EC0-301F-11D3-BF4B-00C04F79EFBC}") = "LibAbout", "Library\LibAbout\LibAbout.csproj", "{9EC74138-A934-432D-A3B6-42EC84052FF8}"
EndProject
Project("{FAE04EC0-301F-11D3-BF4B-00C04F79EFBC}") = "LibBusiness", "Library\LibBusiness\LibBusiness.csproj", "{4586C1E2-10A4-47AF-8867-B1B32B0CDEE5}"
EndProject
Project("{FAE04EC0-301F-11D3-BF4B-00C04F79EFBC}") = "LibCommon", "Library\LibCommon\LibCommon.csproj", "{2EBCDE4B-A244-4CCA-A1AE-1A884D81772B}"
EndProject
Project("{FAE04EC0-301F-11D3-BF4B-00C04F79EFBC}") = "LibCommonForm", "Library\LibCommonForm\LibCommonForm.csproj", "{E0DB63E3-2420-4B72-99F8-776F8ED1D3EF}"
EndProject
Project("{FAE04EC0-301F-11D3-BF4B-00C04F79EFBC}") = "LibEntity", "Library\LibEntity\LibEntity.csproj", "{28C303D9-18CB-42B3-B0FA-B9B126503176}"
EndProject
Project("{FAE04EC0-301F-11D3-BF4B-00C04F79EFBC}") = "LibGeometry", "Library\LibGeometry\LibGeometry.csproj", "{A55911AA-AC2B-4C4F-AA2A-CE839BD9AFBA}"
EndProject
Project("{FAE04EC0-301F-11D3-BF4B-00C04F79EFBC}") = "GIS", "Library\GIS\GIS.csproj", "{7FF2375E-9594-4EE8-A3CD-40CF245E47FA}"
EndProject
Global
	GlobalSection(SolutionConfigurationPlatforms) = preSolution
		CD_ROM|Any CPU = CD_ROM|Any CPU
		Debug|Any CPU = Debug|Any CPU
		DVD-5|Any CPU = DVD-5|Any CPU
		Release|Any CPU = Release|Any CPU
		SingleImage|Any CPU = SingleImage|Any CPU
	EndGlobalSection
	GlobalSection(ProjectConfigurationPlatforms) = postSolution
		{59209FCC-CFF7-4056-A256-CB71293225B1}.CD_ROM|Any CPU.ActiveCfg = Release|x86
		{59209FCC-CFF7-4056-A256-CB71293225B1}.Debug|Any CPU.ActiveCfg = Debug|x86
		{59209FCC-CFF7-4056-A256-CB71293225B1}.Debug|Any CPU.Build.0 = Debug|x86
		{59209FCC-CFF7-4056-A256-CB71293225B1}.DVD-5|Any CPU.ActiveCfg = Debug|x86
		{59209FCC-CFF7-4056-A256-CB71293225B1}.Release|Any CPU.ActiveCfg = Release|x86
		{59209FCC-CFF7-4056-A256-CB71293225B1}.Release|Any CPU.Build.0 = Release|x86
		{59209FCC-CFF7-4056-A256-CB71293225B1}.SingleImage|Any CPU.ActiveCfg = Release|x86
		{FDABDFA6-E751-452C-9658-5963162784B0}.CD_ROM|Any CPU.ActiveCfg = Release|x86
		{FDABDFA6-E751-452C-9658-5963162784B0}.Debug|Any CPU.ActiveCfg = Debug|x86
		{FDABDFA6-E751-452C-9658-5963162784B0}.Debug|Any CPU.Build.0 = Debug|x86
		{FDABDFA6-E751-452C-9658-5963162784B0}.DVD-5|Any CPU.ActiveCfg = Debug|x86
		{FDABDFA6-E751-452C-9658-5963162784B0}.Release|Any CPU.ActiveCfg = Release|x86
		{FDABDFA6-E751-452C-9658-5963162784B0}.Release|Any CPU.Build.0 = Release|x86
		{FDABDFA6-E751-452C-9658-5963162784B0}.SingleImage|Any CPU.ActiveCfg = Release|x86
		{9EC74138-A934-432D-A3B6-42EC84052FF8}.CD_ROM|Any CPU.ActiveCfg = Release|Any CPU
		{9EC74138-A934-432D-A3B6-42EC84052FF8}.CD_ROM|Any CPU.Build.0 = Release|Any CPU
		{9EC74138-A934-432D-A3B6-42EC84052FF8}.Debug|Any CPU.ActiveCfg = Debug|x86
		{9EC74138-A934-432D-A3B6-42EC84052FF8}.Debug|Any CPU.Build.0 = Debug|x86
		{9EC74138-A934-432D-A3B6-42EC84052FF8}.DVD-5|Any CPU.ActiveCfg = Debug|Any CPU
		{9EC74138-A934-432D-A3B6-42EC84052FF8}.DVD-5|Any CPU.Build.0 = Debug|Any CPU
		{9EC74138-A934-432D-A3B6-42EC84052FF8}.Release|Any CPU.ActiveCfg = Release|x86
		{9EC74138-A934-432D-A3B6-42EC84052FF8}.Release|Any CPU.Build.0 = Release|x86
		{9EC74138-A934-432D-A3B6-42EC84052FF8}.SingleImage|Any CPU.ActiveCfg = Release|Any CPU
		{9EC74138-A934-432D-A3B6-42EC84052FF8}.SingleImage|Any CPU.Build.0 = Release|Any CPU
		{4586C1E2-10A4-47AF-8867-B1B32B0CDEE5}.CD_ROM|Any CPU.ActiveCfg = Release|Any CPU
		{4586C1E2-10A4-47AF-8867-B1B32B0CDEE5}.CD_ROM|Any CPU.Build.0 = Release|Any CPU
		{4586C1E2-10A4-47AF-8867-B1B32B0CDEE5}.Debug|Any CPU.ActiveCfg = Debug|x86
		{4586C1E2-10A4-47AF-8867-B1B32B0CDEE5}.Debug|Any CPU.Build.0 = Debug|x86
		{4586C1E2-10A4-47AF-8867-B1B32B0CDEE5}.DVD-5|Any CPU.ActiveCfg = Debug|Any CPU
		{4586C1E2-10A4-47AF-8867-B1B32B0CDEE5}.DVD-5|Any CPU.Build.0 = Debug|Any CPU
		{4586C1E2-10A4-47AF-8867-B1B32B0CDEE5}.Release|Any CPU.ActiveCfg = Release|x86
		{4586C1E2-10A4-47AF-8867-B1B32B0CDEE5}.Release|Any CPU.Build.0 = Release|x86
		{4586C1E2-10A4-47AF-8867-B1B32B0CDEE5}.SingleImage|Any CPU.ActiveCfg = Release|Any CPU
		{4586C1E2-10A4-47AF-8867-B1B32B0CDEE5}.SingleImage|Any CPU.Build.0 = Release|Any CPU
		{2EBCDE4B-A244-4CCA-A1AE-1A884D81772B}.CD_ROM|Any CPU.ActiveCfg = Release|x86
		{2EBCDE4B-A244-4CCA-A1AE-1A884D81772B}.Debug|Any CPU.ActiveCfg = Debug|x86
		{2EBCDE4B-A244-4CCA-A1AE-1A884D81772B}.Debug|Any CPU.Build.0 = Debug|x86
		{2EBCDE4B-A244-4CCA-A1AE-1A884D81772B}.DVD-5|Any CPU.ActiveCfg = Debug|x86
		{2EBCDE4B-A244-4CCA-A1AE-1A884D81772B}.Release|Any CPU.ActiveCfg = Release|x86
		{2EBCDE4B-A244-4CCA-A1AE-1A884D81772B}.Release|Any CPU.Build.0 = Release|x86
		{2EBCDE4B-A244-4CCA-A1AE-1A884D81772B}.SingleImage|Any CPU.ActiveCfg = Release|x86
		{E0DB63E3-2420-4B72-99F8-776F8ED1D3EF}.CD_ROM|Any CPU.ActiveCfg = Release|x86
		{E0DB63E3-2420-4B72-99F8-776F8ED1D3EF}.Debug|Any CPU.ActiveCfg = Debug|x86
		{E0DB63E3-2420-4B72-99F8-776F8ED1D3EF}.Debug|Any CPU.Build.0 = Debug|x86
		{E0DB63E3-2420-4B72-99F8-776F8ED1D3EF}.DVD-5|Any CPU.ActiveCfg = Debug|x86
		{E0DB63E3-2420-4B72-99F8-776F8ED1D3EF}.Release|Any CPU.ActiveCfg = Release|x86
		{E0DB63E3-2420-4B72-99F8-776F8ED1D3EF}.Release|Any CPU.Build.0 = Release|x86
		{E0DB63E3-2420-4B72-99F8-776F8ED1D3EF}.SingleImage|Any CPU.ActiveCfg = Release|x86
		{28C303D9-18CB-42B3-B0FA-B9B126503176}.CD_ROM|Any CPU.ActiveCfg = Release|Any CPU
		{28C303D9-18CB-42B3-B0FA-B9B126503176}.CD_ROM|Any CPU.Build.0 = Release|Any CPU
		{28C303D9-18CB-42B3-B0FA-B9B126503176}.Debug|Any CPU.ActiveCfg = Debug|x86
		{28C303D9-18CB-42B3-B0FA-B9B126503176}.Debug|Any CPU.Build.0 = Debug|x86
		{28C303D9-18CB-42B3-B0FA-B9B126503176}.DVD-5|Any CPU.ActiveCfg = Debug|Any CPU
		{28C303D9-18CB-42B3-B0FA-B9B126503176}.DVD-5|Any CPU.Build.0 = Debug|Any CPU
		{28C303D9-18CB-42B3-B0FA-B9B126503176}.Release|Any CPU.ActiveCfg = Release|x86
		{28C303D9-18CB-42B3-B0FA-B9B126503176}.Release|Any CPU.Build.0 = Release|x86
		{28C303D9-18CB-42B3-B0FA-B9B126503176}.SingleImage|Any CPU.ActiveCfg = Release|Any CPU
		{28C303D9-18CB-42B3-B0FA-B9B126503176}.SingleImage|Any CPU.Build.0 = Release|Any CPU
		{A55911AA-AC2B-4C4F-AA2A-CE839BD9AFBA}.CD_ROM|Any CPU.ActiveCfg = Release|Any CPU
		{A55911AA-AC2B-4C4F-AA2A-CE839BD9AFBA}.CD_ROM|Any CPU.Build.0 = Release|Any CPU
		{A55911AA-AC2B-4C4F-AA2A-CE839BD9AFBA}.Debug|Any CPU.ActiveCfg = Debug|x86
		{A55911AA-AC2B-4C4F-AA2A-CE839BD9AFBA}.Debug|Any CPU.Build.0 = Debug|x86
		{A55911AA-AC2B-4C4F-AA2A-CE839BD9AFBA}.DVD-5|Any CPU.ActiveCfg = Debug|Any CPU
		{A55911AA-AC2B-4C4F-AA2A-CE839BD9AFBA}.DVD-5|Any CPU.Build.0 = Debug|Any CPU
		{A55911AA-AC2B-4C4F-AA2A-CE839BD9AFBA}.Release|Any CPU.ActiveCfg = Release|x86
		{A55911AA-AC2B-4C4F-AA2A-CE839BD9AFBA}.Release|Any CPU.Build.0 = Release|x86
		{A55911AA-AC2B-4C4F-AA2A-CE839BD9AFBA}.SingleImage|Any CPU.ActiveCfg = Release|Any CPU
		{A55911AA-AC2B-4C4F-AA2A-CE839BD9AFBA}.SingleImage|Any CPU.Build.0 = Release|Any CPU
		{7FF2375E-9594-4EE8-A3CD-40CF245E47FA}.CD_ROM|Any CPU.ActiveCfg = Debug|Any CPU
		{7FF2375E-9594-4EE8-A3CD-40CF245E47FA}.CD_ROM|Any CPU.Build.0 = Debug|Any CPU
		{7FF2375E-9594-4EE8-A3CD-40CF245E47FA}.Debug|Any CPU.ActiveCfg = Debug|x86
		{7FF2375E-9594-4EE8-A3CD-40CF245E47FA}.Debug|Any CPU.Build.0 = Debug|x86
		{7FF2375E-9594-4EE8-A3CD-40CF245E47FA}.DVD-5|Any CPU.ActiveCfg = Debug|Any CPU
		{7FF2375E-9594-4EE8-A3CD-40CF245E47FA}.DVD-5|Any CPU.Build.0 = Debug|Any CPU
		{7FF2375E-9594-4EE8-A3CD-40CF245E47FA}.Release|Any CPU.ActiveCfg = Release|x86
		{7FF2375E-9594-4EE8-A3CD-40CF245E47FA}.Release|Any CPU.Build.0 = Release|x86
		{7FF2375E-9594-4EE8-A3CD-40CF245E47FA}.SingleImage|Any CPU.ActiveCfg = Debug|Any CPU
		{7FF2375E-9594-4EE8-A3CD-40CF245E47FA}.SingleImage|Any CPU.Build.0 = Debug|Any CPU
	EndGlobalSection
	GlobalSection(SolutionProperties) = preSolution
		HideSolutionNode = FALSE
	EndGlobalSection
	GlobalSection(NestedProjects) = preSolution
		{59209FCC-CFF7-4056-A256-CB71293225B1} = {3759A986-FE7F-4705-B4EC-0C8251DA14E1}
		{FDABDFA6-E751-452C-9658-5963162784B0} = {3759A986-FE7F-4705-B4EC-0C8251DA14E1}
		{9EC74138-A934-432D-A3B6-42EC84052FF8} = {4DABD333-E70F-4B79-A428-86C74345AB14}
		{4586C1E2-10A4-47AF-8867-B1B32B0CDEE5} = {4DABD333-E70F-4B79-A428-86C74345AB14}
		{2EBCDE4B-A244-4CCA-A1AE-1A884D81772B} = {4DABD333-E70F-4B79-A428-86C74345AB14}
		{E0DB63E3-2420-4B72-99F8-776F8ED1D3EF} = {4DABD333-E70F-4B79-A428-86C74345AB14}
		{28C303D9-18CB-42B3-B0FA-B9B126503176} = {4DABD333-E70F-4B79-A428-86C74345AB14}
		{A55911AA-AC2B-4C4F-AA2A-CE839BD9AFBA} = {4DABD333-E70F-4B79-A428-86C74345AB14}
		{7FF2375E-9594-4EE8-A3CD-40CF245E47FA} = {4DABD333-E70F-4B79-A428-86C74345AB14}
	EndGlobalSection
EndGlobal
